github.com/sirgallo/utils v0.1.8 h1:3JtNjDD2PoTV66xraivHT2CX6G6j4jZa7FsHPrf3G8o=
github.com/sirgallo/utils v0.1.8/go.mod h1:tleQ8/sC0WpcVgbQ6EehmbcC69HnYtIKIg0tObuzOH0=
golang.org/x/sys v0.13.0 h1:Af8nKPmuFypiUBjVoU9V20FiaFXOcuZI21p0ycVYYGE=
golang.org/x/sys v0.13.0/go.mod h1:oPkhp1MJrh7nUepCBck5+mAzfO9JrbApNNgaTdGDITg=
